
Microsoft Visual Studio Solution File, Format Version 12.00
# Visual Studio Version 16
VisualStudioVersion = 16.0.30517.126
MinimumVisualStudioVersion = 10.0.40219.1
Project("{8BC9CEB8-8B4A-11D0-8D11-00A0C91BC942}") = "OS_1", "..\OS\OS_1\OS_1.vcxproj", "{C97CF967-5BCF-4230-96A5-AE287F6EDA25}"
EndProject
Project("{8BC9CEB8-8B4A-11D0-8D11-00A0C91BC942}") = "OS2", "OS2\OS2.vcxproj", "{87BCAFB6-F03C-4072-9603-7D0D188A4503}"
EndProject
Project("{8BC9CEB8-8B4A-11D0-8D11-00A0C91BC942}") = "OS3", "OS3\OS3.vcxproj", "{A7542394-453D-4593-A340-E67BDE6F5755}"
EndProject
Project("{8BC9CEB8-8B4A-11D0-8D11-00A0C91BC942}") = "OS_PRZ3_Task1", "OS_PRZ3_Task1\OS_PRZ3_Task1.vcxproj", "{5E639D4F-AA46-4562-885F-DBD644B69C04}"
EndProject
Project("{FAE04EC0-301F-11D3-BF4B-00C04F79EFBC}") = "OS_Prz3", "OS_Prz3\OS_Prz3.csproj", "{E83E66F2-9216-4810-91CA-9C20098502C9}"
EndProject
Project("{FAE04EC0-301F-11D3-BF4B-00C04F79EFBC}") = "TestClient", "TestClient\TestClient.csproj", "{79FC833C-12BD-4924-8545-D4A17759281F}"
EndProject
Project("{FAE04EC0-301F-11D3-BF4B-00C04F79EFBC}") = "TestServer", "TestServer\TestServer.csproj", "{F3D6D222-70AD-4CA4-8213-DCFD01D6AF4F}"
EndProject
Project("{FAE04EC0-301F-11D3-BF4B-00C04F79EFBC}") = "OSKurs", "OSKurs\OSKurs.csproj", "{AF61139B-640E-4A61-B4EC-6356CA5F1854}"
EndProject
Project("{FAE04EC0-301F-11D3-BF4B-00C04F79EFBC}") = "OS_Kurs", "OS_Kurs\OS_Kurs.csproj", "{758A6352-B02B-4AC7-8BED-3A3AEE195433}"
EndProject
Global
	GlobalSection(SolutionConfigurationPlatforms) = preSolution
		Debug|Any CPU = Debug|Any CPU
		Debug|x64 = Debug|x64
		Debug|x86 = Debug|x86
		Release|Any CPU = Release|Any CPU
		Release|x64 = Release|x64
		Release|x86 = Release|x86
	EndGlobalSection
	GlobalSection(ProjectConfigurationPlatforms) = postSolution
		{C97CF967-5BCF-4230-96A5-AE287F6EDA25}.Debug|Any CPU.ActiveCfg = Debug|Win32
		{C97CF967-5BCF-4230-96A5-AE287F6EDA25}.Debug|x64.ActiveCfg = Debug|x64
		{C97CF967-5BCF-4230-96A5-AE287F6EDA25}.Debug|x64.Build.0 = Debug|x64
		{C97CF967-5BCF-4230-96A5-AE287F6EDA25}.Debug|x86.ActiveCfg = Debug|Win32
		{C97CF967-5BCF-4230-96A5-AE287F6EDA25}.Debug|x86.Build.0 = Debug|Win32
		{C97CF967-5BCF-4230-96A5-AE287F6EDA25}.Release|Any CPU.ActiveCfg = Release|Win32
		{C97CF967-5BCF-4230-96A5-AE287F6EDA25}.Release|x64.ActiveCfg = Release|x64
		{C97CF967-5BCF-4230-96A5-AE287F6EDA25}.Release|x64.Build.0 = Release|x64
		{C97CF967-5BCF-4230-96A5-AE287F6EDA25}.Release|x86.ActiveCfg = Release|Win32
		{C97CF967-5BCF-4230-96A5-AE287F6EDA25}.Release|x86.Build.0 = Release|Win32
		{87BCAFB6-F03C-4072-9603-7D0D188A4503}.Debug|Any CPU.ActiveCfg = Debug|Win32
		{87BCAFB6-F03C-4072-9603-7D0D188A4503}.Debug|x64.ActiveCfg = Debug|x64
		{87BCAFB6-F03C-4072-9603-7D0D188A4503}.Debug|x64.Build.0 = Debug|x64
		{87BCAFB6-F03C-4072-9603-7D0D188A4503}.Debug|x86.ActiveCfg = Debug|Win32
		{87BCAFB6-F03C-4072-9603-7D0D188A4503}.Debug|x86.Build.0 = Debug|Win32
		{87BCAFB6-F03C-4072-9603-7D0D188A4503}.Release|Any CPU.ActiveCfg = Release|Win32
		{87BCAFB6-F03C-4072-9603-7D0D188A4503}.Release|x64.ActiveCfg = Release|x64
		{87BCAFB6-F03C-4072-9603-7D0D188A4503}.Release|x64.Build.0 = Release|x64
		{87BCAFB6-F03C-4072-9603-7D0D188A4503}.Release|x86.ActiveCfg = Release|Win32
		{87BCAFB6-F03C-4072-9603-7D0D188A4503}.Release|x86.Build.0 = Release|Win32
		{A7542394-453D-4593-A340-E67BDE6F5755}.Debug|Any CPU.ActiveCfg = Debug|Win32
		{A7542394-453D-4593-A340-E67BDE6F5755}.Debug|x64.ActiveCfg = Debug|x64
		{A7542394-453D-4593-A340-E67BDE6F5755}.Debug|x64.Build.0 = Debug|x64
		{A7542394-453D-4593-A340-E67BDE6F5755}.Debug|x86.ActiveCfg = Debug|Win32
		{A7542394-453D-4593-A340-E67BDE6F5755}.Debug|x86.Build.0 = Debug|Win32
		{A7542394-453D-4593-A340-E67BDE6F5755}.Release|Any CPU.ActiveCfg = Release|Win32
		{A7542394-453D-4593-A340-E67BDE6F5755}.Release|x64.ActiveCfg = Release|x64
		{A7542394-453D-4593-A340-E67BDE6F5755}.Release|x64.Build.0 = Release|x64
		{A7542394-453D-4593-A340-E67BDE6F5755}.Release|x86.ActiveCfg = Release|Win32
		{A7542394-453D-4593-A340-E67BDE6F5755}.Release|x86.Build.0 = Release|Win32
		{5E639D4F-AA46-4562-885F-DBD644B69C04}.Debug|Any CPU.ActiveCfg = Debug|Win32
		{5E639D4F-AA46-4562-885F-DBD644B69C04}.Debug|x64.ActiveCfg = Debug|x64
		{5E639D4F-AA46-4562-885F-DBD644B69C04}.Debug|x64.Build.0 = Debug|x64
		{5E639D4F-AA46-4562-885F-DBD644B69C04}.Debug|x86.ActiveCfg = Debug|Win32
		{5E639D4F-AA46-4562-885F-DBD644B69C04}.Debug|x86.Build.0 = Debug|Win32
		{5E639D4F-AA46-4562-885F-DBD644B69C04}.Release|Any CPU.ActiveCfg = Release|Win32
		{5E639D4F-AA46-4562-885F-DBD644B69C04}.Release|x64.ActiveCfg = Release|x64
		{5E639D4F-AA46-4562-885F-DBD644B69C04}.Release|x64.Build.0 = Release|x64
		{5E639D4F-AA46-4562-885F-DBD644B69C04}.Release|x86.ActiveCfg = Release|Win32
		{5E639D4F-AA46-4562-885F-DBD644B69C04}.Release|x86.Build.0 = Release|Win32
		{E83E66F2-9216-4810-91CA-9C20098502C9}.Debug|Any CPU.ActiveCfg = Debug|Any CPU
		{E83E66F2-9216-4810-91CA-9C20098502C9}.Debug|Any CPU.Build.0 = Debug|Any CPU
		{E83E66F2-9216-4810-91CA-9C20098502C9}.Debug|x64.ActiveCfg = Debug|Any CPU
		{E83E66F2-9216-4810-91CA-9C20098502C9}.Debug|x64.Build.0 = Debug|Any CPU
		{E83E66F2-9216-4810-91CA-9C20098502C9}.Debug|x86.ActiveCfg = Debug|Any CPU
		{E83E66F2-9216-4810-91CA-9C20098502C9}.Debug|x86.Build.0 = Debug|Any CPU
		{E83E66F2-9216-4810-91CA-9C20098502C9}.Release|Any CPU.ActiveCfg = Release|Any CPU
		{E83E66F2-9216-4810-91CA-9C20098502C9}.Release|Any CPU.Build.0 = Release|Any CPU
		{E83E66F2-9216-4810-91CA-9C20098502C9}.Release|x64.ActiveCfg = Release|Any CPU
		{E83E66F2-9216-4810-91CA-9C20098502C9}.Release|x64.Build.0 = Release|Any CPU
		{E83E66F2-9216-4810-91CA-9C20098502C9}.Release|x86.ActiveCfg = Release|Any CPU
		{E83E66F2-9216-4810-91CA-9C20098502C9}.Release|x86.Build.0 = Release|Any CPU
		{79FC833C-12BD-4924-8545-D4A17759281F}.Debug|Any CPU.ActiveCfg = Debug|Any CPU
		{79FC833C-12BD-4924-8545-D4A17759281F}.Debug|Any CPU.Build.0 = Debug|Any CPU
		{79FC833C-12BD-4924-8545-D4A17759281F}.Debug|x64.ActiveCfg = Debug|Any CPU
		{79FC833C-12BD-4924-8545-D4A17759281F}.Debug|x64.Build.0 = Debug|Any CPU
		{79FC833C-12BD-4924-8545-D4A17759281F}.Debug|x86.ActiveCfg = Debug|Any CPU
		{79FC833C-12BD-4924-8545-D4A17759281F}.Debug|x86.Build.0 = Debug|Any CPU
		{79FC833C-12BD-4924-8545-D4A17759281F}.Release|Any CPU.ActiveCfg = Release|Any CPU
		{79FC833C-12BD-4924-8545-D4A17759281F}.Release|Any CPU.Build.0 = Release|Any CPU
		{79FC833C-12BD-4924-8545-D4A17759281F}.Release|x64.ActiveCfg = Release|Any CPU
		{79FC833C-12BD-4924-8545-D4A17759281F}.Release|x64.Build.0 = Release|Any CPU
		{79FC833C-12BD-4924-8545-D4A17759281F}.Release|x86.ActiveCfg = Release|Any CPU
		{79FC833C-12BD-4924-8545-D4A17759281F}.Release|x86.Build.0 = Release|Any CPU
		{F3D6D222-70AD-4CA4-8213-DCFD01D6AF4F}.Debug|Any CPU.ActiveCfg = Debug|Any CPU
		{F3D6D222-70AD-4CA4-8213-DCFD01D6AF4F}.Debug|Any CPU.Build.0 = Debug|Any CPU
		{F3D6D222-70AD-4CA4-8213-DCFD01D6AF4F}.Debug|x64.ActiveCfg = Debug|Any CPU
		{F3D6D222-70AD-4CA4-8213-DCFD01D6AF4F}.Debug|x64.Build.0 = Debug|Any CPU
		{F3D6D222-70AD-4CA4-8213-DCFD01D6AF4F}.Debug|x86.ActiveCfg = Debug|Any CPU
		{F3D6D222-70AD-4CA4-8213-DCFD01D6AF4F}.Debug|x86.Build.0 = Debug|Any CPU
		{F3D6D222-70AD-4CA4-8213-DCFD01D6AF4F}.Release|Any CPU.ActiveCfg = Release|Any CPU
		{F3D6D222-70AD-4CA4-8213-DCFD01D6AF4F}.Release|Any CPU.Build.0 = Release|Any CPU
		{F3D6D222-70AD-4CA4-8213-DCFD01D6AF4F}.Release|x64.ActiveCfg = Release|Any CPU
		{F3D6D222-70AD-4CA4-8213-DCFD01D6AF4F}.Release|x64.Build.0 = Release|Any CPU
		{F3D6D222-70AD-4CA4-8213-DCFD01D6AF4F}.Release|x86.ActiveCfg = Release|Any CPU
		{F3D6D222-70AD-4CA4-8213-DCFD01D6AF4F}.Release|x86.Build.0 = Release|Any CPU
		{AF61139B-640E-4A61-B4EC-6356CA5F1854}.Debug|Any CPU.ActiveCfg = Debug|Any CPU
		{AF61139B-640E-4A61-B4EC-6356CA5F1854}.Debug|Any CPU.Build.0 = Debug|Any CPU
		{AF61139B-640E-4A61-B4EC-6356CA5F1854}.Debug|x64.ActiveCfg = Debug|Any CPU
		{AF61139B-640E-4A61-B4EC-6356CA5F1854}.Debug|x64.Build.0 = Debug|Any CPU
		{AF61139B-640E-4A61-B4EC-6356CA5F1854}.Debug|x86.ActiveCfg = Debug|Any CPU
		{AF61139B-640E-4A61-B4EC-6356CA5F1854}.Debug|x86.Build.0 = Debug|Any CPU
		{AF61139B-640E-4A61-B4EC-6356CA5F1854}.Release|Any CPU.ActiveCfg = Release|Any CPU
		{AF61139B-640E-4A61-B4EC-6356CA5F1854}.Release|Any CPU.Build.0 = Release|Any CPU
		{AF61139B-640E-4A61-B4EC-6356CA5F1854}.Release|x64.ActiveCfg = Release|Any CPU
		{AF61139B-640E-4A61-B4EC-6356CA5F1854}.Release|x64.Build.0 = Release|Any CPU
		{AF61139B-640E-4A61-B4EC-6356CA5F1854}.Release|x86.ActiveCfg = Release|Any CPU
		{AF61139B-640E-4A61-B4EC-6356CA5F1854}.Release|x86.Build.0 = Release|Any CPU
		{758A6352-B02B-4AC7-8BED-3A3AEE195433}.Debug|Any CPU.ActiveCfg = Debug|Any CPU
		{758A6352-B02B-4AC7-8BED-3A3AEE195433}.Debug|Any CPU.Build.0 = Debug|Any CPU
		{758A6352-B02B-4AC7-8BED-3A3AEE195433}.Debug|x64.ActiveCfg = Debug|Any CPU
		{758A6352-B02B-4AC7-8BED-3A3AEE195433}.Debug|x64.Build.0 = Debug|Any CPU
		{758A6352-B02B-4AC7-8BED-3A3AEE195433}.Debug|x86.ActiveCfg = Debug|Any CPU
		{758A6352-B02B-4AC7-8BED-3A3AEE195433}.Debug|x86.Build.0 = Debug|Any CPU
		{758A6352-B02B-4AC7-8BED-3A3AEE195433}.Release|Any CPU.ActiveCfg = Release|Any CPU
		{758A6352-B02B-4AC7-8BED-3A3AEE195433}.Release|Any CPU.Build.0 = Release|Any CPU
		{758A6352-B02B-4AC7-8BED-3A3AEE195433}.Release|x64.ActiveCfg = Release|Any CPU
		{758A6352-B02B-4AC7-8BED-3A3AEE195433}.Release|x64.Build.0 = Release|Any CPU
		{758A6352-B02B-4AC7-8BED-3A3AEE195433}.Release|x86.ActiveCfg = Release|Any CPU
		{758A6352-B02B-4AC7-8BED-3A3AEE195433}.Release|x86.Build.0 = Release|Any CPU
	EndGlobalSection
	GlobalSection(SolutionProperties) = preSolution
		HideSolutionNode = FALSE
	EndGlobalSection
	GlobalSection(ExtensibilityGlobals) = postSolution
		SolutionGuid = {32832406-49E3-401B-AAC4-A09D8F99CF71}
	EndGlobalSection
EndGlobal
