
Microsoft Visual Studio Solution File, Format Version 12.00
# Visual Studio Version 16
VisualStudioVersion = 16.0.30517.126
MinimumVisualStudioVersion = 10.0.40219.1
Project("{8BC9CEB8-8B4A-11D0-8D11-00A0C91BC942}") = "OS2", "OS2\OS2.vcxproj", "{87BCAFB6-F03C-4072-9603-7D0D188A4503}"
EndProject
Project("{8BC9CEB8-8B4A-11D0-8D11-00A0C91BC942}") = "OS3", "OS3\OS3.vcxproj", "{A7542394-453D-4593-A340-E67BDE6F5755}"
EndProject
Project("{8BC9CEB8-8B4A-11D0-8D11-00A0C91BC942}") = "OS_PRZ3_Task1", "OS_PRZ3_Task1\OS_PRZ3_Task1.vcxproj", "{5E639D4F-AA46-4562-885F-DBD644B69C04}"
EndProject
Project("{8BC9CEB8-8B4A-11D0-8D11-00A0C91BC942}") = "OS_Kurs", "OS_Kurs\OS_Kurs.vcxproj", "{61722963-75CE-4BD3-B816-B1E2B16BE469}"
EndProject
Project("{8BC9CEB8-8B4A-11D0-8D11-00A0C91BC942}") = "OS_1", "OS_1\OS_1.vcxproj", "{C97CF967-5BCF-4230-96A5-AE287F6EDA25}"
EndProject
Global
	GlobalSection(SolutionConfigurationPlatforms) = preSolution
		Debug|Any CPU = Debug|Any CPU
		Debug|x64 = Debug|x64
		Debug|x86 = Debug|x86
		Release|Any CPU = Release|Any CPU
		Release|x64 = Release|x64
		Release|x86 = Release|x86
	EndGlobalSection
	GlobalSection(ProjectConfigurationPlatforms) = postSolution
		{87BCAFB6-F03C-4072-9603-7D0D188A4503}.Debug|Any CPU.ActiveCfg = Debug|Win32
		{87BCAFB6-F03C-4072-9603-7D0D188A4503}.Debug|x64.ActiveCfg = Debug|x64
		{87BCAFB6-F03C-4072-9603-7D0D188A4503}.Debug|x64.Build.0 = Debug|x64
		{87BCAFB6-F03C-4072-9603-7D0D188A4503}.Debug|x86.ActiveCfg = Debug|Win32
		{87BCAFB6-F03C-4072-9603-7D0D188A4503}.Debug|x86.Build.0 = Debug|Win32
		{87BCAFB6-F03C-4072-9603-7D0D188A4503}.Release|Any CPU.ActiveCfg = Release|Win32
		{87BCAFB6-F03C-4072-9603-7D0D188A4503}.Release|x64.ActiveCfg = Release|x64
		{87BCAFB6-F03C-4072-9603-7D0D188A4503}.Release|x64.Build.0 = Release|x64
		{87BCAFB6-F03C-4072-9603-7D0D188A4503}.Release|x86.ActiveCfg = Release|Win32
		{87BCAFB6-F03C-4072-9603-7D0D188A4503}.Release|x86.Build.0 = Release|Win32
		{A7542394-453D-4593-A340-E67BDE6F5755}.Debug|Any CPU.ActiveCfg = Debug|Win32
		{A7542394-453D-4593-A340-E67BDE6F5755}.Debug|x64.ActiveCfg = Debug|x64
		{A7542394-453D-4593-A340-E67BDE6F5755}.Debug|x64.Build.0 = Debug|x64
		{A7542394-453D-4593-A340-E67BDE6F5755}.Debug|x86.ActiveCfg = Debug|Win32
		{A7542394-453D-4593-A340-E67BDE6F5755}.Debug|x86.Build.0 = Debug|Win32
		{A7542394-453D-4593-A340-E67BDE6F5755}.Release|Any CPU.ActiveCfg = Release|Win32
		{A7542394-453D-4593-A340-E67BDE6F5755}.Release|x64.ActiveCfg = Release|x64
		{A7542394-453D-4593-A340-E67BDE6F5755}.Release|x64.Build.0 = Release|x64
		{A7542394-453D-4593-A340-E67BDE6F5755}.Release|x86.ActiveCfg = Release|Win32
		{A7542394-453D-4593-A340-E67BDE6F5755}.Release|x86.Build.0 = Release|Win32
		{5E639D4F-AA46-4562-885F-DBD644B69C04}.Debug|Any CPU.ActiveCfg = Debug|Win32
		{5E639D4F-AA46-4562-885F-DBD644B69C04}.Debug|x64.ActiveCfg = Debug|x64
		{5E639D4F-AA46-4562-885F-DBD644B69C04}.Debug|x64.Build.0 = Debug|x64
		{5E639D4F-AA46-4562-885F-DBD644B69C04}.Debug|x86.ActiveCfg = Debug|Win32
		{5E639D4F-AA46-4562-885F-DBD644B69C04}.Debug|x86.Build.0 = Debug|Win32
		{5E639D4F-AA46-4562-885F-DBD644B69C04}.Release|Any CPU.ActiveCfg = Release|Win32
		{5E639D4F-AA46-4562-885F-DBD644B69C04}.Release|x64.ActiveCfg = Release|x64
		{5E639D4F-AA46-4562-885F-DBD644B69C04}.Release|x64.Build.0 = Release|x64
		{5E639D4F-AA46-4562-885F-DBD644B69C04}.Release|x86.ActiveCfg = Release|Win32
		{5E639D4F-AA46-4562-885F-DBD644B69C04}.Release|x86.Build.0 = Release|Win32
		{61722963-75CE-4BD3-B816-B1E2B16BE469}.Debug|Any CPU.ActiveCfg = Debug|Win32
		{61722963-75CE-4BD3-B816-B1E2B16BE469}.Debug|x64.ActiveCfg = Debug|x64
		{61722963-75CE-4BD3-B816-B1E2B16BE469}.Debug|x64.Build.0 = Debug|x64
		{61722963-75CE-4BD3-B816-B1E2B16BE469}.Debug|x86.ActiveCfg = Debug|Win32
		{61722963-75CE-4BD3-B816-B1E2B16BE469}.Debug|x86.Build.0 = Debug|Win32
		{61722963-75CE-4BD3-B816-B1E2B16BE469}.Release|Any CPU.ActiveCfg = Release|Win32
		{61722963-75CE-4BD3-B816-B1E2B16BE469}.Release|x64.ActiveCfg = Release|x64
		{61722963-75CE-4BD3-B816-B1E2B16BE469}.Release|x64.Build.0 = Release|x64
		{61722963-75CE-4BD3-B816-B1E2B16BE469}.Release|x86.ActiveCfg = Release|Win32
		{61722963-75CE-4BD3-B816-B1E2B16BE469}.Release|x86.Build.0 = Release|Win32
		{C97CF967-5BCF-4230-96A5-AE287F6EDA25}.Debug|Any CPU.ActiveCfg = Debug|Win32
		{C97CF967-5BCF-4230-96A5-AE287F6EDA25}.Debug|x64.ActiveCfg = Debug|x64
		{C97CF967-5BCF-4230-96A5-AE287F6EDA25}.Debug|x64.Build.0 = Debug|x64
		{C97CF967-5BCF-4230-96A5-AE287F6EDA25}.Debug|x86.ActiveCfg = Debug|Win32
		{C97CF967-5BCF-4230-96A5-AE287F6EDA25}.Debug|x86.Build.0 = Debug|Win32
		{C97CF967-5BCF-4230-96A5-AE287F6EDA25}.Release|Any CPU.ActiveCfg = Release|Win32
		{C97CF967-5BCF-4230-96A5-AE287F6EDA25}.Release|x64.ActiveCfg = Release|x64
		{C97CF967-5BCF-4230-96A5-AE287F6EDA25}.Release|x64.Build.0 = Release|x64
		{C97CF967-5BCF-4230-96A5-AE287F6EDA25}.Release|x86.ActiveCfg = Release|Win32
		{C97CF967-5BCF-4230-96A5-AE287F6EDA25}.Release|x86.Build.0 = Release|Win32
	EndGlobalSection
	GlobalSection(SolutionProperties) = preSolution
		HideSolutionNode = FALSE
	EndGlobalSection
	GlobalSection(ExtensibilityGlobals) = postSolution
		SolutionGuid = {32832406-49E3-401B-AAC4-A09D8F99CF71}
	EndGlobalSection
EndGlobal
